{
  "originHash" : "c5a7e850c1ce28a980eba966c4477ea97b0482cb850253bcfd45dda2f22e0454",
  "pins" : [
    {
      "identity" : "capacitor-swift-pm",
      "kind" : "remoteSourceControl",
      "location" : "https://github.com/ionic-team/capacitor-swift-pm.git",
      "state" : {
        "revision" : "3e7ccfb8ab4d321ffcbd4e490234758e139f8a09",
        "version" : "8.0.1"
      }
    },
    {
      "identity" : "ion-ios-filesystem",
      "kind" : "remoteSourceControl",
      "location" : "https://github.com/ionic-team/ion-ios-filesystem.git",
      "state" : {
        "revision" : "dd9052cfb55b70771d04deb427f94e19ea31c372",
        "version" : "1.0.1"
      }
    },
    {
      "identity" : "osinappbrowserlib-ios",
      "kind" : "remoteSourceControl",
      "location" : "https://github.com/OutSystems/OSInAppBrowserLib-iOS.git",
      "state" : {
        "revision" : "02077543fe499b68dd2e636bb1c2a40521e67d6a",
        "version" : "2.3.1"
      }
    }
  ],
  "version" : 3
}
